
Microsoft Visual Studio Solution File, Format Version 12.00
# Visual Studio Version 16
VisualStudioVersion = 16.0.30907.101
MinimumVisualStudioVersion = 10.0.40219.1
Project("{FAE04EC0-301F-11D3-BF4B-00C04F79EFBC}") = "Aranda.ASDK.External", "Aranda.ASDK.External.csproj", "{200E05EE-E4F4-424B-81A4-1C9547CD1840}"
EndProject
Global
	GlobalSection(SolutionConfigurationPlatforms) = preSolution
		Debug|Any CPU = Debug|Any CPU
		Release|Any CPU = Release|Any CPU
	EndGlobalSection
	GlobalSection(ProjectConfigurationPlatforms) = postSolution
		{200E05EE-E4F4-424B-81A4-1C9547CD1840}.Debug|Any CPU.ActiveCfg = Debug|Any CPU
		{200E05EE-E4F4-424B-81A4-1C9547CD1840}.Debug|Any CPU.Build.0 = Debug|Any CPU
		{200E05EE-E4F4-424B-81A4-1C9547CD1840}.Release|Any CPU.ActiveCfg = Release|Any CPU
		{200E05EE-E4F4-424B-81A4-1C9547CD1840}.Release|Any CPU.Build.0 = Release|Any CPU
	EndGlobalSection
	GlobalSection(SolutionProperties) = preSolution
		HideSolutionNode = FALSE
	EndGlobalSection
	GlobalSection(ExtensibilityGlobals) = postSolution
		SolutionGuid = {07F626D4-233C-45CA-B0C2-C5FB95664D1C}
	EndGlobalSection
EndGlobal
